<?xml version="1.0" encoding="utf-8"?>
<Project ToolsVersion="4.0" xmlns="http://schemas.microsoft.com/developer/msbuild/2003">
  <ItemGroup>
    <Filter Include="Source Files">
      <UniqueIdentifier>{4FC737F1-C7A5-4376-A066-2A32D752A2FF}</UniqueIdentifier>
      <Extensions>cpp;c;cc;cxx;def;odl;idl;hpj;bat;asm;asmx</Extensions>
    </Filter>
    <Filter Include="Header Files">
      <UniqueIdentifier>{93995380-89BD-4b04-88EB-625FBE52EBFB}</UniqueIdentifier>
      <Extensions>h;hh;hpp;hxx;hm;inl;inc;xsd</Extensions>
    </Filter>
    <Filter Include="Resource Files">
      <UniqueIdentifier>{67DA6AB6-F800-4c08-8B7A-83BB121AAD01}</UniqueIdentifier>
      <Extensions>rc;ico;cur;bmp;dlg;rc2;rct;bin;rgs;gif;jpg;jpeg;jpe;resx;tiff;tif;png;wav;mfcribbon-ms</Extensions>
    </Filter>
    <Filter Include="Header Files\mersene_twister">
      <UniqueIdentifier>{0d8f167a-f3f9-4379-81a3-fb8149ac8d28}</UniqueIdentifier>
    </Filter>
    <Filter Include="Source Files\mersene_twister">
      <UniqueIdentifier>{d1eac9c4-f664-4f15-86c8-526a92d03269}</UniqueIdentifier>
    </Filter>
    <Filter Include="Header Files\compatibility">
      <UniqueIdentifier>{f295f01d-4bf3-485c-bee6-c3926a07c2a8}</UniqueIdentifier>
    </Filter>
  </ItemGroup>
  <ItemGroup>
    <ClInclude Include="..\src\crc32.h">
      <Filter>Header Files</Filter>
    </ClInclude>
    <ClInclude Include="..\src\cwave.h">
      <Filter>Header Files</Filter>
    </ClInclude>
    <ClInclude Include="..\src\hcontrols.h">
      <Filter>Header Files</Filter>
    </ClInclude>
    <ClInclude Include="..\src\in_cwave.h">
      <Filter>Header Files</Filter>
    </ClInclude>
    <ClInclude Include="..\src\resource.h">
      <Filter>Header Files</Filter>
    </ClInclude>
    <ClInclude Include="..\src\cmalloc.h">
      <Filter>Header Files</Filter>
    </ClInclude>
    <ClInclude Include="..\src\hblpf.h">
      <Filter>Header Files</Filter>
    </ClInclude>
    <ClInclude Include="..\src\lpf_hilbert_quad.h">
      <Filter>Header Files</Filter>
    </ClInclude>
    <ClInclude Include="..\src\sound_render.h">
      <Filter>Header Files</Filter>
    </ClInclude>
    <ClInclude Include="..\src\compatibility\compat_gcc.h">
      <Filter>Header Files\compatibility</Filter>
    </ClInclude>
    <ClInclude Include="..\src\mersene_twister\mt_jrnd.h">
      <Filter>Header Files\mersene_twister</Filter>
    </ClInclude>
    <ClInclude Include="..\src\compatibility\compat_win32_gcc.h">
      <Filter>Header Files\compatibility</Filter>
    </ClInclude>
    <ClInclude Include="..\src\fp_check.h">
      <Filter>Header Files</Filter>
    </ClInclude>
    <ClInclude Include="..\src\unpack_lsb.h">
      <Filter>Header Files</Filter>
    </ClInclude>
    <ClInclude Include="..\src\atomic.h">
      <Filter>Header Files</Filter>
    </ClInclude>
  </ItemGroup>
  <ItemGroup>
    <ClCompile Include="..\src\crc32.c">
      <Filter>Source Files</Filter>
    </ClCompile>
    <ClCompile Include="..\src\gui_cwave.c">
      <Filter>Source Files</Filter>
    </ClCompile>
    <ClCompile Include="..\src\hcontrols.c">
      <Filter>Source Files</Filter>
    </ClCompile>
    <ClCompile Include="..\src\transcode.c">
      <Filter>Source Files</Filter>
    </ClCompile>
    <ClCompile Include="..\src\cmalloc.c">
      <Filter>Source Files</Filter>
    </ClCompile>
    <ClCompile Include="..\src\xwave_reader.c">
      <Filter>Source Files</Filter>
    </ClCompile>
    <ClCompile Include="..\src\hblpf.c">
      <Filter>Source Files</Filter>
    </ClCompile>
    <ClCompile Include="..\src\lpf_hilbert_quad.c">
      <Filter>Source Files</Filter>
    </ClCompile>
    <ClCompile Include="..\src\playback.c">
      <Filter>Source Files</Filter>
    </ClCompile>
    <ClCompile Include="..\src\in_cwave.c">
      <Filter>Source Files</Filter>
    </ClCompile>
    <ClCompile Include="..\src\config.c">
      <Filter>Source Files</Filter>
    </ClCompile>
    <ClCompile Include="..\src\sound_render.c">
      <Filter>Source Files</Filter>
    </ClCompile>
    <ClCompile Include="..\src\adv_modulator.c">
      <Filter>Source Files</Filter>
    </ClCompile>
    <ClCompile Include="..\src\amod_gui_control.c">
      <Filter>Source Files</Filter>
    </ClCompile>
    <ClCompile Include="..\src\mersene_twister\mt_jrnd.c">
      <Filter>Source Files\mersene_twister</Filter>
    </ClCompile>
    <ClCompile Include="..\src\fp_check.c">
      <Filter>Source Files</Filter>
    </ClCompile>
  </ItemGroup>
  <ItemGroup>
    <ResourceCompile Include="..\src\in_cwave.rc">
      <Filter>Resource Files</Filter>
    </ResourceCompile>
  </ItemGroup>
  <ItemGroup>
    <Text Include="..\COPYING" />
    <Text Include="..\OLD_NEWS" />
    <Text Include="..\CHANGELOG" />
    <Text Include="..\FAQ" />
  </ItemGroup>
  <ItemGroup>
    <None Include="..\.gitignore" />
    <None Include="..\README.md" />
    <None Include="..\VERSION" />
  </ItemGroup>
</Project>